
Microsoft Visual Studio Solution File, Format Version 12.00
# Visual Studio Version 17
VisualStudioVersion = 17.7.34031.279
MinimumVisualStudioVersion = 10.0.40219.1
Project("{FAE04EC0-301F-11D3-BF4B-00C04F79EFBC}") = "Lab_6", "Lab_6\Lab_6.csproj", "{7B80F12A-CC9D-4F31-9FD8-31678FC61889}"
EndProject
Project("{FAE04EC0-301F-11D3-BF4B-00C04F79EFBC}") = "Lab_6_Graded_Task", "Lab_6_Graded_Task\Lab_6_Graded_Task.csproj", "{077A94B0-3251-4548-BDD3-00E9356793FB}"
EndProject
Global
	GlobalSection(SolutionConfigurationPlatforms) = preSolution
		Debug|Any CPU = Debug|Any CPU
		Release|Any CPU = Release|Any CPU
	EndGlobalSection
	GlobalSection(ProjectConfigurationPlatforms) = postSolution
		{7B80F12A-CC9D-4F31-9FD8-31678FC61889}.Debug|Any CPU.ActiveCfg = Debug|Any CPU
		{7B80F12A-CC9D-4F31-9FD8-31678FC61889}.Debug|Any CPU.Build.0 = Debug|Any CPU
		{7B80F12A-CC9D-4F31-9FD8-31678FC61889}.Release|Any CPU.ActiveCfg = Release|Any CPU
		{7B80F12A-CC9D-4F31-9FD8-31678FC61889}.Release|Any CPU.Build.0 = Release|Any CPU
		{077A94B0-3251-4548-BDD3-00E9356793FB}.Debug|Any CPU.ActiveCfg = Debug|Any CPU
		{077A94B0-3251-4548-BDD3-00E9356793FB}.Debug|Any CPU.Build.0 = Debug|Any CPU
		{077A94B0-3251-4548-BDD3-00E9356793FB}.Release|Any CPU.ActiveCfg = Release|Any CPU
		{077A94B0-3251-4548-BDD3-00E9356793FB}.Release|Any CPU.Build.0 = Release|Any CPU
	EndGlobalSection
	GlobalSection(SolutionProperties) = preSolution
		HideSolutionNode = FALSE
	EndGlobalSection
	GlobalSection(ExtensibilityGlobals) = postSolution
		SolutionGuid = {3B640A70-BFAB-4CE3-96DC-76FC1DE4C31E}
	EndGlobalSection
EndGlobal
