
Microsoft Visual Studio Solution File, Format Version 12.00
# Visual Studio Version 17
VisualStudioVersion = 17.7.34031.279
MinimumVisualStudioVersion = 10.0.40219.1
Project("{FAE04EC0-301F-11D3-BF4B-00C04F79EFBC}") = "Lab_Mid_Password_Gen", "Lab_Mid_Password_Gen\Lab_Mid_Password_Gen.csproj", "{3BF281F2-F9A4-4D06-A86E-FFEB4C31676B}"
EndProject
Global
	GlobalSection(SolutionConfigurationPlatforms) = preSolution
		Debug|Any CPU = Debug|Any CPU
		Release|Any CPU = Release|Any CPU
	EndGlobalSection
	GlobalSection(ProjectConfigurationPlatforms) = postSolution
		{3BF281F2-F9A4-4D06-A86E-FFEB4C31676B}.Debug|Any CPU.ActiveCfg = Debug|Any CPU
		{3BF281F2-F9A4-4D06-A86E-FFEB4C31676B}.Debug|Any CPU.Build.0 = Debug|Any CPU
		{3BF281F2-F9A4-4D06-A86E-FFEB4C31676B}.Release|Any CPU.ActiveCfg = Release|Any CPU
		{3BF281F2-F9A4-4D06-A86E-FFEB4C31676B}.Release|Any CPU.Build.0 = Release|Any CPU
	EndGlobalSection
	GlobalSection(SolutionProperties) = preSolution
		HideSolutionNode = FALSE
	EndGlobalSection
	GlobalSection(ExtensibilityGlobals) = postSolution
		SolutionGuid = {F641C7AF-88A6-45AF-AC80-32EA5895E7A8}
	EndGlobalSection
EndGlobal
